
Microsoft Visual Studio Solution File, Format Version 12.00
# Visual Studio Version 17
VisualStudioVersion = 17.5.002.0
MinimumVisualStudioVersion = 10.0.40219.1
Project("{9A19103F-16F7-4668-BE54-9A1E7A4F7556}") = "Api", "Api.csproj", "{BC122F32-11A5-4E8A-A502-88E7D7E5C12E}"
EndProject
Global
	GlobalSection(SolutionConfigurationPlatforms) = preSolution
		Debug|Any CPU = Debug|Any CPU
		Release|Any CPU = Release|Any CPU
	EndGlobalSection
	GlobalSection(ProjectConfigurationPlatforms) = postSolution
		{BC122F32-11A5-4E8A-A502-88E7D7E5C12E}.Debug|Any CPU.ActiveCfg = Debug|Any CPU
		{BC122F32-11A5-4E8A-A502-88E7D7E5C12E}.Debug|Any CPU.Build.0 = Debug|Any CPU
		{BC122F32-11A5-4E8A-A502-88E7D7E5C12E}.Release|Any CPU.ActiveCfg = Release|Any CPU
		{BC122F32-11A5-4E8A-A502-88E7D7E5C12E}.Release|Any CPU.Build.0 = Release|Any CPU
	EndGlobalSection
	GlobalSection(SolutionProperties) = preSolution
		HideSolutionNode = FALSE
	EndGlobalSection
	GlobalSection(ExtensibilityGlobals) = postSolution
		SolutionGuid = {C6D94393-4BD9-454C-8E88-84C2ABA3CBD9}
	EndGlobalSection
EndGlobal
